# This file was autogenerated by uv via the following command:
#    uv pip compile --output-file requirements.lock pyproject.toml
asgiref==3.11.1
    # via
    #   house-manager-app (pyproject.toml)
    #   django
    #   django-allauth
    #   django-axes
brotli==1.2.0
    # via fonttools
certifi==2026.2.25
    # via
    #   house-manager-app (pyproject.toml)
    #   cloudinary
    #   requests
cffi==2.0.0
    # via
    #   house-manager-app (pyproject.toml)
    #   cryptography
    #   weasyprint
charset-normalizer==3.4.7
    # via
    #   house-manager-app (pyproject.toml)
    #   requests
cloudinary==1.44.2
    # via
    #   house-manager-app (pyproject.toml)
    #   django-cloudinary-storage
cryptography==46.0.7
    # via house-manager-app (pyproject.toml)
cssselect2==0.9.0
    # via weasyprint
diff-match-patch==20241021
    # via
    #   house-manager-app (pyproject.toml)
    #   django-import-export
django==6.0.4
    # via
    #   house-manager-app (pyproject.toml)
    #   django-admin-multi-select-filter
    #   django-allauth
    #   django-axes
    #   django-debug-toolbar
    #   django-import-export
django-admin-multi-select-filter==1.5.0
    # via house-manager-app (pyproject.toml)
django-allauth==65.16.1
    # via house-manager-app (pyproject.toml)
django-axes==8.3.1
    # via house-manager-app (pyproject.toml)
django-cloudinary-storage==0.3.0
    # via house-manager-app (pyproject.toml)
django-debug-toolbar==6.3.0
    # via house-manager-app (pyproject.toml)
django-import-export==4.4.0
    # via house-manager-app (pyproject.toml)
et-xmlfile==2.0.0
    # via
    #   house-manager-app (pyproject.toml)
    #   openpyxl
fonttools==4.62.1
    # via weasyprint
gunicorn==25.3.0
    # via house-manager-app (pyproject.toml)
idna==3.11
    # via
    #   house-manager-app (pyproject.toml)
    #   requests
oauthlib==3.3.1
    # via
    #   house-manager-app (pyproject.toml)
    #   requests-oauthlib
openpyxl==3.1.5
    # via house-manager-app (pyproject.toml)
packaging==26.1
    # via
    #   house-manager-app (pyproject.toml)
    #   gunicorn
    #   wheel
pillow==12.2.0
    # via
    #   house-manager-app (pyproject.toml)
    #   weasyprint
pip==26.0.1
    # via house-manager-app (pyproject.toml)
psycopg==3.3.3
    # via house-manager-app (pyproject.toml)
psycopg-binary==3.3.3
    # via psycopg
psycopg-c==3.3.3
    # via psycopg
pycparser==3.0
    # via
    #   house-manager-app (pyproject.toml)
    #   cffi
pydyf==0.12.1
    # via weasyprint
pyjwt==2.12.1
    # via house-manager-app (pyproject.toml)
pyphen==0.17.2
    # via weasyprint
python-decouple==3.8
    # via house-manager-app (pyproject.toml)
requests==2.33.1
    # via
    #   house-manager-app (pyproject.toml)
    #   django-cloudinary-storage
    #   requests-oauthlib
requests-oauthlib==2.0.0
    # via house-manager-app (pyproject.toml)
setuptools==82.0.1
    # via house-manager-app (pyproject.toml)
six==1.17.0
    # via
    #   house-manager-app (pyproject.toml)
    #   cloudinary
sqlparse==0.5.5
    # via
    #   house-manager-app (pyproject.toml)
    #   django
    #   django-debug-toolbar
tablib==3.9.0
    # via
    #   house-manager-app (pyproject.toml)
    #   django-import-export
tinycss2==1.5.1
    # via
    #   cssselect2
    #   weasyprint
tinyhtml5==2.1.0
    # via weasyprint
typing-extensions==4.15.0
    # via
    #   house-manager-app (pyproject.toml)
    #   psycopg
tzdata==2026.1
    # via house-manager-app (pyproject.toml)
urllib3==2.6.3
    # via
    #   house-manager-app (pyproject.toml)
    #   cloudinary
    #   requests
weasyprint==68.1
    # via house-manager-app (pyproject.toml)
webencodings==0.5.1
    # via
    #   cssselect2
    #   tinycss2
    #   tinyhtml5
wheel==0.46.3
    # via house-manager-app (pyproject.toml)
zopfli==0.4.1
    # via fonttools
