# This file was autogenerated by uv via the following command:
#    uv pip compile -o requirements.lock pyproject.toml
asgiref==3.8.1
    # via
    #   house-manager-app (pyproject.toml)
    #   django
    #   django-allauth
    #   django-axes
certifi==2025.4.26
    # via
    #   house-manager-app (pyproject.toml)
    #   cloudinary
    #   requests
cffi==1.17.1
    # via
    #   house-manager-app (pyproject.toml)
    #   cryptography
charset-normalizer==3.4.2
    # via
    #   house-manager-app (pyproject.toml)
    #   requests
cloudinary==1.44.0
    # via
    #   house-manager-app (pyproject.toml)
    #   django-cloudinary-storage
cryptography==45.0.3
    # via house-manager-app (pyproject.toml)
diff-match-patch==20241021
    # via
    #   house-manager-app (pyproject.toml)
    #   django-import-export
django==5.2.2
    # via
    #   house-manager-app (pyproject.toml)
    #   django-allauth
    #   django-axes
    #   django-debug-toolbar
    #   django-import-export
    #   django-recaptcha
django-allauth==65.9.0
    # via house-manager-app (pyproject.toml)
django-axes==8.0.0
    # via house-manager-app (pyproject.toml)
django-cloudinary-storage==0.3.0
    # via house-manager-app (pyproject.toml)
django-debug-toolbar==5.2.0
    # via house-manager-app (pyproject.toml)
django-import-export==4.3.7
    # via house-manager-app (pyproject.toml)
django-recaptcha==4.1.0
    # via house-manager-app (pyproject.toml)
et-xmlfile==2.0.0
    # via
    #   house-manager-app (pyproject.toml)
    #   openpyxl
gunicorn==23.0.0
    # via house-manager-app (pyproject.toml)
idna==3.10
    # via
    #   house-manager-app (pyproject.toml)
    #   requests
oauthlib==3.2.2
    # via
    #   house-manager-app (pyproject.toml)
    #   requests-oauthlib
openpyxl==3.1.5
    # via house-manager-app (pyproject.toml)
packaging==25.0
    # via
    #   house-manager-app (pyproject.toml)
    #   gunicorn
pillow==11.2.1
    # via house-manager-app (pyproject.toml)
pip==25.1.1
    # via house-manager-app (pyproject.toml)
psycopg==3.2.9
    # via house-manager-app (pyproject.toml)
psycopg-binary==3.2.9
    # via psycopg
psycopg-c==3.2.9
    # via psycopg
pycparser==2.22
    # via
    #   house-manager-app (pyproject.toml)
    #   cffi
pyjwt==2.10.1
    # via house-manager-app (pyproject.toml)
python-decouple==3.8
    # via house-manager-app (pyproject.toml)
requests==2.32.3
    # via
    #   house-manager-app (pyproject.toml)
    #   django-cloudinary-storage
    #   requests-oauthlib
requests-oauthlib==2.0.0
    # via house-manager-app (pyproject.toml)
setuptools==80.9.0
    # via house-manager-app (pyproject.toml)
six==1.17.0
    # via
    #   house-manager-app (pyproject.toml)
    #   cloudinary
sqlparse==0.5.3
    # via
    #   house-manager-app (pyproject.toml)
    #   django
    #   django-debug-toolbar
tablib==3.8.0
    # via
    #   house-manager-app (pyproject.toml)
    #   django-import-export
typing-extensions==4.14.0
    # via
    #   house-manager-app (pyproject.toml)
    #   psycopg
tzdata==2025.2
    # via house-manager-app (pyproject.toml)
urllib3==2.4.0
    # via
    #   house-manager-app (pyproject.toml)
    #   cloudinary
    #   requests
wheel==0.45.1
    # via house-manager-app (pyproject.toml)
